<?xml version="1.0" encoding="utf-8"?>
<Project ToolsVersion="4.0" xmlns="http://schemas.microsoft.com/developer/msbuild/2003">
  <ItemGroup>
    <ClCompile Include="..\..\..\source\ShaderParser.cpp">
      <Filter>parser</Filter>
    </ClCompile>
    <ClCompile Include="..\..\..\source\ShaderInfo.cpp">
      <Filter>parser</Filter>
    </ClCompile>
    <ClCompile Include="..\..\..\source\ShaderTrans.cpp">
      <Filter>trans</Filter>
    </ClCompile>
    <ClCompile Include="..\..\..\source\ShaderValidator.cpp">
      <Filter>check</Filter>
    </ClCompile>
    <ClCompile Include="..\..\..\source\CompilerDX.cpp">
      <Filter>tools</Filter>
    </ClCompile>
    <ClCompile Include="..\..\..\source\GLSLangAdapter.cpp">
      <Filter>tools</Filter>
    </ClCompile>
    <ClCompile Include="..\..\..\source\ShaderReflection.cpp">
      <Filter>parser</Filter>
    </ClCompile>
    <ClCompile Include="..\..\..\external\SPIRV-Reflect\spirv_reflect.c">
      <Filter>external\SPIRV-Reflect</Filter>
    </ClCompile>
    <ClCompile Include="..\..\..\external\SPIRV-Tools\source\link\linker.cpp">
      <Filter>external\SPIRV-Tools</Filter>
    </ClCompile>
    <ClCompile Include="..\..\..\source\SpirvTools.cpp">
      <Filter>tools</Filter>
    </ClCompile>
    <ClCompile Include="..\..\..\source\spirv_IR.cpp">
      <Filter>spirv</Filter>
    </ClCompile>
    <ClCompile Include="..\..\..\source\spirv_Linker.cpp">
      <Filter>spirv</Filter>
    </ClCompile>
    <ClCompile Include="..\..\..\source\spirv_Parser.cpp">
      <Filter>spirv</Filter>
    </ClCompile>
    <ClCompile Include="..\..\..\source\ShaderBuilder.cpp">
      <Filter>builder</Filter>
    </ClCompile>
    </ClCompile>
  </ItemGroup>
  <ItemGroup>
    <ClInclude Include="..\..\..\include\shadertrans\ShaderParser.h">
      <Filter>parser</Filter>
    </ClInclude>
    <ClInclude Include="..\..\..\include\shadertrans\ShaderInfo.h">
      <Filter>parser</Filter>
    </ClInclude>
    <ClInclude Include="..\..\..\include\shadertrans\ShaderTrans.h">
      <Filter>trans</Filter>
    </ClInclude>
    <ClInclude Include="..\..\..\include\shadertrans\ShaderValidator.h">
      <Filter>check</Filter>
    </ClInclude>
    <ClInclude Include="..\..\..\include\shadertrans\CompilerDX.h">
      <Filter>tools</Filter>
    </ClInclude>
    <ClInclude Include="..\..\..\include\shadertrans\ConfigGLSL.h">
      <Filter>tools</Filter>
    </ClInclude>
    <ClInclude Include="..\..\..\include\shadertrans\ShaderStage.h">
      <Filter>dataset</Filter>
    </ClInclude>
    <ClInclude Include="..\..\..\include\shadertrans\GLSLangAdapter.h">
      <Filter>tools</Filter>
    </ClInclude>
    <ClInclude Include="..\..\..\include\shadertrans\ShaderReflection.h">
      <Filter>parser</Filter>
    </ClInclude>
    <ClInclude Include="..\..\..\external\SPIRV-Reflect\spirv_reflect.h">
      <Filter>external\SPIRV-Reflect</Filter>
    </ClInclude>
    <ClInclude Include="..\..\..\external\SPIRV-Tools\include\spirv-tools\linker.hpp">
      <Filter>external\SPIRV-Tools</Filter>
    </ClInclude>
    <ClInclude Include="..\..\..\include\shadertrans\SpirvTools.h">
      <Filter>tools</Filter>
    </ClInclude>
    <ClInclude Include="..\..\..\include\shadertrans\spirv_IR.h">
      <Filter>spirv</Filter>
    </ClInclude>
    <ClInclude Include="..\..\..\include\shadertrans\spirv_Linker.h">
      <Filter>spirv</Filter>
    </ClInclude>
    <ClInclude Include="..\..\..\include\shadertrans\spirv_Parser.h">
      <Filter>spirv</Filter>
    </ClInclude>
    <ClInclude Include="..\..\..\include\shadertrans\ShaderBuilder.h">
      <Filter>builder</Filter>
    </ClInclude>
    </ClInclude>
  </ItemGroup>
  <ItemGroup>
    <Filter Include="parser">
      <UniqueIdentifier>{aef7430c-537d-4077-9922-295ee3d68957}</UniqueIdentifier>
    </Filter>
    <Filter Include="trans">
      <UniqueIdentifier>{74cb491e-6c26-4c61-acbc-9f00e2cc10d2}</UniqueIdentifier>
    </Filter>
    <Filter Include="check">
      <UniqueIdentifier>{a82eb963-6753-41b4-ac3b-2dbfcb94094c}</UniqueIdentifier>
    </Filter>
    <Filter Include="tools">
      <UniqueIdentifier>{fd097820-789b-4c58-b66f-6f547dfbe04b}</UniqueIdentifier>
    </Filter>
    <Filter Include="dataset">
      <UniqueIdentifier>{60d0bcf7-8f8d-40d3-a1ea-d8b2121c87e8}</UniqueIdentifier>
    </Filter>
    <Filter Include="external">
      <UniqueIdentifier>{9e051adf-896b-442b-b517-87ebb03bbfe0}</UniqueIdentifier>
    </Filter>
    <Filter Include="external\SPIRV-Reflect">
      <UniqueIdentifier>{ab929c2f-c516-4649-a4f4-4c8fc10b6cc1}</UniqueIdentifier>
    </Filter>
    <Filter Include="external\SPIRV-Tools">
      <UniqueIdentifier>{d6f83eae-bf2d-47a7-b81e-15ad6b0164eb}</UniqueIdentifier>
    </Filter>
    <Filter Include="spirv">
      <UniqueIdentifier>{8a14fd3a-81ca-4311-9c53-b7c3a794e785}</UniqueIdentifier>
    </Filter>
    <Filter Include="builder">
      <UniqueIdentifier>{55e7e181-33fb-4ebc-b2d9-b12c51be76ba}</UniqueIdentifier>
    </Filter>
  </ItemGroup>
</Project>